
Microsoft Visual Studio Solution File, Format Version 12.00
# Visual Studio Version 16
VisualStudioVersion = 16.0.31911.196
MinimumVisualStudioVersion = 10.0.40219.1
Project("{FAE04EC0-301F-11D3-BF4B-00C04F79EFBC}") = "ATM_Project", "ATM_Project\ATM_Project.csproj", "{AE0371E5-C418-4601-989F-4343A9156E7E}"
EndProject
Global
	GlobalSection(SolutionConfigurationPlatforms) = preSolution
		Debug|Any CPU = Debug|Any CPU
		Release|Any CPU = Release|Any CPU
	EndGlobalSection
	GlobalSection(ProjectConfigurationPlatforms) = postSolution
		{AE0371E5-C418-4601-989F-4343A9156E7E}.Debug|Any CPU.ActiveCfg = Debug|Any CPU
		{AE0371E5-C418-4601-989F-4343A9156E7E}.Debug|Any CPU.Build.0 = Debug|Any CPU
		{AE0371E5-C418-4601-989F-4343A9156E7E}.Release|Any CPU.ActiveCfg = Release|Any CPU
		{AE0371E5-C418-4601-989F-4343A9156E7E}.Release|Any CPU.Build.0 = Release|Any CPU
	EndGlobalSection
	GlobalSection(SolutionProperties) = preSolution
		HideSolutionNode = FALSE
	EndGlobalSection
	GlobalSection(ExtensibilityGlobals) = postSolution
		SolutionGuid = {8CB72CC7-761C-4A50-9B31-57AE4DA06EF4}
	EndGlobalSection
EndGlobal
